
Microsoft Visual Studio Solution File, Format Version 12.00
# Visual Studio 15
VisualStudioVersion = 15.0.28307.1259
MinimumVisualStudioVersion = 10.0.40219.1
Project("{FAE04EC0-301F-11D3-BF4B-00C04F79EFBC}") = "loading-screen1", "loading-screen1\loading-screen1.csproj", "{262289B1-8588-4BE8-A23F-A0252D2A4E05}"
EndProject
Global
	GlobalSection(SolutionConfigurationPlatforms) = preSolution
		Debug|Any CPU = Debug|Any CPU
		Release|Any CPU = Release|Any CPU
	EndGlobalSection
	GlobalSection(ProjectConfigurationPlatforms) = postSolution
		{262289B1-8588-4BE8-A23F-A0252D2A4E05}.Debug|Any CPU.ActiveCfg = Debug|Any CPU
		{262289B1-8588-4BE8-A23F-A0252D2A4E05}.Debug|Any CPU.Build.0 = Debug|Any CPU
		{262289B1-8588-4BE8-A23F-A0252D2A4E05}.Release|Any CPU.ActiveCfg = Release|Any CPU
		{262289B1-8588-4BE8-A23F-A0252D2A4E05}.Release|Any CPU.Build.0 = Release|Any CPU
	EndGlobalSection
	GlobalSection(SolutionProperties) = preSolution
		HideSolutionNode = FALSE
	EndGlobalSection
	GlobalSection(ExtensibilityGlobals) = postSolution
		SolutionGuid = {858C6C53-9A92-4703-8E53-3AA41A60F491}
	EndGlobalSection
EndGlobal
